// !$*UTF8*$!
{
	archiveVersion = 1;
	classes = {
	};
	objectVersion = 56;
	objects = {

/* Begin PBXBuildFile section */
		6A28A8B52AB11F4500EFFC22 /* TabViews.swift in Sources */ = {isa = PBXBuildFile; fileRef = 6A28A8B42AB11F4500EFFC22 /* TabViews.swift */; };
		6A28A8B72AB1200A00EFFC22 /* ChartsView.swift in Sources */ = {isa = PBXBuildFile; fileRef = 6A28A8B62AB1200A00EFFC22 /* ChartsView.swift */; };
		6A28A8B92AB1253D00EFFC22 /* Fonzie.otf in Resources */ = {isa = PBXBuildFile; fileRef = 6A28A8B82AB1253D00EFFC22 /* Fonzie.otf */; };
		6A68344C2AB27DB2008C2A3D /* Currency.swift in Sources */ = {isa = PBXBuildFile; fileRef = 6A68344B2AB27DB2008C2A3D /* Currency.swift */; };
		6AC14AA02AB0C6BE00E38074 /* ExpenseTrackerApp.swift in Sources */ = {isa = PBXBuildFile; fileRef = 6AC14A9F2AB0C6BE00E38074 /* ExpenseTrackerApp.swift */; };
		6AC14AA22AB0C6BE00E38074 /* MainView.swift in Sources */ = {isa = PBXBuildFile; fileRef = 6AC14AA12AB0C6BE00E38074 /* MainView.swift */; };
		6AC14AA42AB0C6BF00E38074 /* Assets.xcassets in Resources */ = {isa = PBXBuildFile; fileRef = 6AC14AA32AB0C6BF00E38074 /* Assets.xcassets */; };
		6AC14AA72AB0C6BF00E38074 /* Preview Assets.xcassets in Resources */ = {isa = PBXBuildFile; fileRef = 6AC14AA62AB0C6BF00E38074 /* Preview Assets.xcassets */; };
		6AC14AB22AB0C7AA00E38074 /* ExpensesModel.xcdatamodeld in Sources */ = {isa = PBXBuildFile; fileRef = 6AC14AB02AB0C7AA00E38074 /* ExpensesModel.xcdatamodeld */; };
		6AC14AB42AB0C8D000E38074 /* DataController.swift in Sources */ = {isa = PBXBuildFile; fileRef = 6AC14AB32AB0C8D000E38074 /* DataController.swift */; };
		6AC14AB72AB0DF9800E38074 /* TimeFormatting.swift in Sources */ = {isa = PBXBuildFile; fileRef = 6AC14AB62AB0DF9800E38074 /* TimeFormatting.swift */; };
		6AC14AB92AB0E08D00E38074 /* IncomeView.swift in Sources */ = {isa = PBXBuildFile; fileRef = 6AC14AB82AB0E08D00E38074 /* IncomeView.swift */; };
		6AC14ABB2AB1010C00E38074 /* EditIncomeView.swift in Sources */ = {isa = PBXBuildFile; fileRef = 6AC14ABA2AB1010C00E38074 /* EditIncomeView.swift */; };
		6ACED8AD2AB19FD000FEF6FE /* AlertsHandling.swift in Sources */ = {isa = PBXBuildFile; fileRef = 6ACED8AC2AB19FD000FEF6FE /* AlertsHandling.swift */; };
		6ACED8AF2AB1A1A700FEF6FE /* AddIncomeView.swift in Sources */ = {isa = PBXBuildFile; fileRef = 6ACED8AE2AB1A1A700FEF6FE /* AddIncomeView.swift */; };
		6ACED8B12AB1A22C00FEF6FE /* OutcomeView.swift in Sources */ = {isa = PBXBuildFile; fileRef = 6ACED8B02AB1A22C00FEF6FE /* OutcomeView.swift */; };
		6ACED8B32AB1A91B00FEF6FE /* EditOutcomeView.swift in Sources */ = {isa = PBXBuildFile; fileRef = 6ACED8B22AB1A91B00FEF6FE /* EditOutcomeView.swift */; };
		6ACED8B52AB1AA0500FEF6FE /* AddOutcomeView.swift in Sources */ = {isa = PBXBuildFile; fileRef = 6ACED8B42AB1AA0500FEF6FE /* AddOutcomeView.swift */; };
		6AEB80BA2AB1F1F50075B4EB /* Category.swift in Sources */ = {isa = PBXBuildFile; fileRef = 6AEB80B92AB1F1F50075B4EB /* Category.swift */; };
/* End PBXBuildFile section */

/* Begin PBXFileReference section */
		6A28A8B42AB11F4500EFFC22 /* TabViews.swift */ = {isa = PBXFileReference; lastKnownFileType = sourcecode.swift; path = TabViews.swift; sourceTree = "<group>"; };
		6A28A8B62AB1200A00EFFC22 /* ChartsView.swift */ = {isa = PBXFileReference; lastKnownFileType = sourcecode.swift; path = ChartsView.swift; sourceTree = "<group>"; };
		6A28A8B82AB1253D00EFFC22 /* Fonzie.otf */ = {isa = PBXFileReference; lastKnownFileType = file; path = Fonzie.otf; sourceTree = "<group>"; };
		6A28A8BA2AB1255400EFFC22 /* Info.plist */ = {isa = PBXFileReference; lastKnownFileType = text.plist; path = Info.plist; sourceTree = "<group>"; };
		6A68344B2AB27DB2008C2A3D /* Currency.swift */ = {isa = PBXFileReference; lastKnownFileType = sourcecode.swift; path = Currency.swift; sourceTree = "<group>"; };
		6AC14A9C2AB0C6BE00E38074 /* ExpenseTracker.app */ = {isa = PBXFileReference; explicitFileType = wrapper.application; includeInIndex = 0; path = ExpenseTracker.app; sourceTree = BUILT_PRODUCTS_DIR; };
		6AC14A9F2AB0C6BE00E38074 /* ExpenseTrackerApp.swift */ = {isa = PBXFileReference; lastKnownFileType = sourcecode.swift; path = ExpenseTrackerApp.swift; sourceTree = "<group>"; };
		6AC14AA12AB0C6BE00E38074 /* MainView.swift */ = {isa = PBXFileReference; lastKnownFileType = sourcecode.swift; path = MainView.swift; sourceTree = "<group>"; };
		6AC14AA32AB0C6BF00E38074 /* Assets.xcassets */ = {isa = PBXFileReference; lastKnownFileType = folder.assetcatalog; path = Assets.xcassets; sourceTree = "<group>"; };
		6AC14AA62AB0C6BF00E38074 /* Preview Assets.xcassets */ = {isa = PBXFileReference; lastKnownFileType = folder.assetcatalog; path = "Preview Assets.xcassets"; sourceTree = "<group>"; };
		6AC14AB12AB0C7AA00E38074 /* ExpensesModel.xcdatamodel */ = {isa = PBXFileReference; lastKnownFileType = wrapper.xcdatamodel; path = ExpensesModel.xcdatamodel; sourceTree = "<group>"; };
		6AC14AB32AB0C8D000E38074 /* DataController.swift */ = {isa = PBXFileReference; lastKnownFileType = sourcecode.swift; path = DataController.swift; sourceTree = "<group>"; };
		6AC14AB62AB0DF9800E38074 /* TimeFormatting.swift */ = {isa = PBXFileReference; lastKnownFileType = sourcecode.swift; path = TimeFormatting.swift; sourceTree = "<group>"; };
		6AC14AB82AB0E08D00E38074 /* IncomeView.swift */ = {isa = PBXFileReference; lastKnownFileType = sourcecode.swift; path = IncomeView.swift; sourceTree = "<group>"; };
		6AC14ABA2AB1010C00E38074 /* EditIncomeView.swift */ = {isa = PBXFileReference; lastKnownFileType = sourcecode.swift; path = EditIncomeView.swift; sourceTree = "<group>"; };
		6ACED8AC2AB19FD000FEF6FE /* AlertsHandling.swift */ = {isa = PBXFileReference; lastKnownFileType = sourcecode.swift; path = AlertsHandling.swift; sourceTree = "<group>"; };
		6ACED8AE2AB1A1A700FEF6FE /* AddIncomeView.swift */ = {isa = PBXFileReference; lastKnownFileType = sourcecode.swift; path = AddIncomeView.swift; sourceTree = "<group>"; };
		6ACED8B02AB1A22C00FEF6FE /* OutcomeView.swift */ = {isa = PBXFileReference; lastKnownFileType = sourcecode.swift; path = OutcomeView.swift; sourceTree = "<group>"; };
		6ACED8B22AB1A91B00FEF6FE /* EditOutcomeView.swift */ = {isa = PBXFileReference; lastKnownFileType = sourcecode.swift; path = EditOutcomeView.swift; sourceTree = "<group>"; };
		6ACED8B42AB1AA0500FEF6FE /* AddOutcomeView.swift */ = {isa = PBXFileReference; lastKnownFileType = sourcecode.swift; path = AddOutcomeView.swift; sourceTree = "<group>"; };
		6AEB80B92AB1F1F50075B4EB /* Category.swift */ = {isa = PBXFileReference; lastKnownFileType = sourcecode.swift; path = Category.swift; sourceTree = "<group>"; };
/* End PBXFileReference section */

/* Begin PBXFrameworksBuildPhase section */
		6AC14A992AB0C6BE00E38074 /* Frameworks */ = {
			isa = PBXFrameworksBuildPhase;
			buildActionMask = 2147483647;
			files = (
			);
			runOnlyForDeploymentPostprocessing = 0;
		};
/* End PBXFrameworksBuildPhase section */

/* Begin PBXGroup section */
		6AC14A932AB0C6BE00E38074 = {
			isa = PBXGroup;
			children = (
				6AC14A9E2AB0C6BE00E38074 /* ExpenseTracker */,
				6AC14A9D2AB0C6BE00E38074 /* Products */,
			);
			sourceTree = "<group>";
		};
		6AC14A9D2AB0C6BE00E38074 /* Products */ = {
			isa = PBXGroup;
			children = (
				6AC14A9C2AB0C6BE00E38074 /* ExpenseTracker.app */,
			);
			name = Products;
			sourceTree = "<group>";
		};
		6AC14A9E2AB0C6BE00E38074 /* ExpenseTracker */ = {
			isa = PBXGroup;
			children = (
				6A28A8BA2AB1255400EFFC22 /* Info.plist */,
				6AC14AB52AB0DF8600E38074 /* Helpers */,
				6AC14AAF2AB0C78600E38074 /* View */,
				6AC14AAE2AB0C77B00E38074 /* VewModel */,
				6AC14AAD2AB0C75300E38074 /* Model */,
				6AC14A9F2AB0C6BE00E38074 /* ExpenseTrackerApp.swift */,
				6A28A8B82AB1253D00EFFC22 /* Fonzie.otf */,
				6AC14AA32AB0C6BF00E38074 /* Assets.xcassets */,
				6AC14AA52AB0C6BF00E38074 /* Preview Content */,
			);
			path = ExpenseTracker;
			sourceTree = "<group>";
		};
		6AC14AA52AB0C6BF00E38074 /* Preview Content */ = {
			isa = PBXGroup;
			children = (
				6AC14AA62AB0C6BF00E38074 /* Preview Assets.xcassets */,
			);
			path = "Preview Content";
			sourceTree = "<group>";
		};
		6AC14AAD2AB0C75300E38074 /* Model */ = {
			isa = PBXGroup;
			children = (
				6AEB80B92AB1F1F50075B4EB /* Category.swift */,
				6A68344B2AB27DB2008C2A3D /* Currency.swift */,
				6AC14AB02AB0C7AA00E38074 /* ExpensesModel.xcdatamodeld */,
				6AC14AB32AB0C8D000E38074 /* DataController.swift */,
			);
			path = Model;
			sourceTree = "<group>";
		};
		6AC14AAE2AB0C77B00E38074 /* VewModel */ = {
			isa = PBXGroup;
			children = (
			);
			path = VewModel;
			sourceTree = "<group>";
		};
		6AC14AAF2AB0C78600E38074 /* View */ = {
			isa = PBXGroup;
			children = (
				6A28A8B42AB11F4500EFFC22 /* TabViews.swift */,
				6AC14AA12AB0C6BE00E38074 /* MainView.swift */,
				6A28A8B62AB1200A00EFFC22 /* ChartsView.swift */,
				6AC14AB82AB0E08D00E38074 /* IncomeView.swift */,
				6ACED8B02AB1A22C00FEF6FE /* OutcomeView.swift */,
				6AC14ABA2AB1010C00E38074 /* EditIncomeView.swift */,
				6ACED8B22AB1A91B00FEF6FE /* EditOutcomeView.swift */,
				6ACED8AE2AB1A1A700FEF6FE /* AddIncomeView.swift */,
				6ACED8B42AB1AA0500FEF6FE /* AddOutcomeView.swift */,
			);
			path = View;
			sourceTree = "<group>";
		};
		6AC14AB52AB0DF8600E38074 /* Helpers */ = {
			isa = PBXGroup;
			children = (
				6AC14AB62AB0DF9800E38074 /* TimeFormatting.swift */,
				6ACED8AC2AB19FD000FEF6FE /* AlertsHandling.swift */,
			);
			path = Helpers;
			sourceTree = "<group>";
		};
/* End PBXGroup section */

/* Begin PBXNativeTarget section */
		6AC14A9B2AB0C6BE00E38074 /* ExpenseTracker */ = {
			isa = PBXNativeTarget;
			buildConfigurationList = 6AC14AAA2AB0C6BF00E38074 /* Build configuration list for PBXNativeTarget "ExpenseTracker" */;
			buildPhases = (
				6AC14A982AB0C6BE00E38074 /* Sources */,
				6AC14A992AB0C6BE00E38074 /* Frameworks */,
				6AC14A9A2AB0C6BE00E38074 /* Resources */,
			);
			buildRules = (
			);
			dependencies = (
			);
			name = ExpenseTracker;
			productName = ExpenseTracker;
			productReference = 6AC14A9C2AB0C6BE00E38074 /* ExpenseTracker.app */;
			productType = "com.apple.product-type.application";
		};
/* End PBXNativeTarget section */

/* Begin PBXProject section */
		6AC14A942AB0C6BE00E38074 /* Project object */ = {
			isa = PBXProject;
			attributes = {
				BuildIndependentTargetsInParallel = 1;
				LastSwiftUpdateCheck = 1430;
				LastUpgradeCheck = 1430;
				TargetAttributes = {
					6AC14A9B2AB0C6BE00E38074 = {
						CreatedOnToolsVersion = 14.3.1;
					};
				};
			};
			buildConfigurationList = 6AC14A972AB0C6BE00E38074 /* Build configuration list for PBXProject "ExpenseTracker" */;
			compatibilityVersion = "Xcode 14.0";
			developmentRegion = en;
			hasScannedForEncodings = 0;
			knownRegions = (
				en,
				Base,
			);
			mainGroup = 6AC14A932AB0C6BE00E38074;
			productRefGroup = 6AC14A9D2AB0C6BE00E38074 /* Products */;
			projectDirPath = "";
			projectRoot = "";
			targets = (
				6AC14A9B2AB0C6BE00E38074 /* ExpenseTracker */,
			);
		};
/* End PBXProject section */

/* Begin PBXResourcesBuildPhase section */
		6AC14A9A2AB0C6BE00E38074 /* Resources */ = {
			isa = PBXResourcesBuildPhase;
			buildActionMask = 2147483647;
			files = (
				6AC14AA72AB0C6BF00E38074 /* Preview Assets.xcassets in Resources */,
				6A28A8B92AB1253D00EFFC22 /* Fonzie.otf in Resources */,
				6AC14AA42AB0C6BF00E38074 /* Assets.xcassets in Resources */,
			);
			runOnlyForDeploymentPostprocessing = 0;
		};
/* End PBXResourcesBuildPhase section */

/* Begin PBXSourcesBuildPhase section */
		6AC14A982AB0C6BE00E38074 /* Sources */ = {
			isa = PBXSourcesBuildPhase;
			buildActionMask = 2147483647;
			files = (
				6AC14AB72AB0DF9800E38074 /* TimeFormatting.swift in Sources */,
				6ACED8B52AB1AA0500FEF6FE /* AddOutcomeView.swift in Sources */,
				6ACED8AD2AB19FD000FEF6FE /* AlertsHandling.swift in Sources */,
				6AC14AB92AB0E08D00E38074 /* IncomeView.swift in Sources */,
				6A68344C2AB27DB2008C2A3D /* Currency.swift in Sources */,
				6ACED8B32AB1A91B00FEF6FE /* EditOutcomeView.swift in Sources */,
				6ACED8B12AB1A22C00FEF6FE /* OutcomeView.swift in Sources */,
				6A28A8B72AB1200A00EFFC22 /* ChartsView.swift in Sources */,
				6AC14AA22AB0C6BE00E38074 /* MainView.swift in Sources */,
				6AC14AB42AB0C8D000E38074 /* DataController.swift in Sources */,
				6AC14ABB2AB1010C00E38074 /* EditIncomeView.swift in Sources */,
				6AC14AB22AB0C7AA00E38074 /* ExpensesModel.xcdatamodeld in Sources */,
				6AEB80BA2AB1F1F50075B4EB /* Category.swift in Sources */,
				6ACED8AF2AB1A1A700FEF6FE /* AddIncomeView.swift in Sources */,
				6A28A8B52AB11F4500EFFC22 /* TabViews.swift in Sources */,
				6AC14AA02AB0C6BE00E38074 /* ExpenseTrackerApp.swift in Sources */,
			);
			runOnlyForDeploymentPostprocessing = 0;
		};
/* End PBXSourcesBuildPhase section */

/* Begin XCBuildConfiguration section */
		6AC14AA82AB0C6BF00E38074 /* Debug */ = {
			isa = XCBuildConfiguration;
			buildSettings = {
				ALWAYS_SEARCH_USER_PATHS = NO;
				CLANG_ANALYZER_NONNULL = YES;
				CLANG_ANALYZER_NUMBER_OBJECT_CONVERSION = YES_AGGRESSIVE;
				CLANG_CXX_LANGUAGE_STANDARD = "gnu++20";
				CLANG_ENABLE_MODULES = YES;
				CLANG_ENABLE_OBJC_ARC = YES;
				CLANG_ENABLE_OBJC_WEAK = YES;
				CLANG_WARN_BLOCK_CAPTURE_AUTORELEASING = YES;
				CLANG_WARN_BOOL_CONVERSION = YES;
				CLANG_WARN_COMMA = YES;
				CLANG_WARN_CONSTANT_CONVERSION = YES;
				CLANG_WARN_DEPRECATED_OBJC_IMPLEMENTATIONS = YES;
				CLANG_WARN_DIRECT_OBJC_ISA_USAGE = YES_ERROR;
				CLANG_WARN_DOCUMENTATION_COMMENTS = YES;
				CLANG_WARN_EMPTY_BODY = YES;
				CLANG_WARN_ENUM_CONVERSION = YES;
				CLANG_WARN_INFINITE_RECURSION = YES;
				CLANG_WARN_INT_CONVERSION = YES;
				CLANG_WARN_NON_LITERAL_NULL_CONVERSION = YES;
				CLANG_WARN_OBJC_IMPLICIT_RETAIN_SELF = YES;
				CLANG_WARN_OBJC_LITERAL_CONVERSION = YES;
				CLANG_WARN_OBJC_ROOT_CLASS = YES_ERROR;
				CLANG_WARN_QUOTED_INCLUDE_IN_FRAMEWORK_HEADER = YES;
				CLANG_WARN_RANGE_LOOP_ANALYSIS = YES;
				CLANG_WARN_STRICT_PROTOTYPES = YES;
				CLANG_WARN_SUSPICIOUS_MOVE = YES;
				CLANG_WARN_UNGUARDED_AVAILABILITY = YES_AGGRESSIVE;
				CLANG_WARN_UNREACHABLE_CODE = YES;
				CLANG_WARN__DUPLICATE_METHOD_MATCH = YES;
				COPY_PHASE_STRIP = NO;
				DEBUG_INFORMATION_FORMAT = dwarf;
				ENABLE_STRICT_OBJC_MSGSEND = YES;
				ENABLE_TESTABILITY = YES;
				GCC_C_LANGUAGE_STANDARD = gnu11;
				GCC_DYNAMIC_NO_PIC = NO;
				GCC_NO_COMMON_BLOCKS = YES;
				GCC_OPTIMIZATION_LEVEL = 0;
				GCC_PREPROCESSOR_DEFINITIONS = (
					"DEBUG=1",
					"$(inherited)",
				);
				GCC_WARN_64_TO_32_BIT_CONVERSION = YES;
				GCC_WARN_ABOUT_RETURN_TYPE = YES_ERROR;
				GCC_WARN_UNDECLARED_SELECTOR = YES;
				GCC_WARN_UNINITIALIZED_AUTOS = YES_AGGRESSIVE;
				GCC_WARN_UNUSED_FUNCTION = YES;
				GCC_WARN_UNUSED_VARIABLE = YES;
				IPHONEOS_DEPLOYMENT_TARGET = 16.4;
				MTL_ENABLE_DEBUG_INFO = INCLUDE_SOURCE;
				MTL_FAST_MATH = YES;
				ONLY_ACTIVE_ARCH = YES;
				SDKROOT = iphoneos;
				SWIFT_ACTIVE_COMPILATION_CONDITIONS = DEBUG;
				SWIFT_OPTIMIZATION_LEVEL = "-Onone";
			};
			name = Debug;
		};
		6AC14AA92AB0C6BF00E38074 /* Release */ = {
			isa = XCBuildConfiguration;
			buildSettings = {
				ALWAYS_SEARCH_USER_PATHS = NO;
				CLANG_ANALYZER_NONNULL = YES;
				CLANG_ANALYZER_NUMBER_OBJECT_CONVERSION = YES_AGGRESSIVE;
				CLANG_CXX_LANGUAGE_STANDARD = "gnu++20";
				CLANG_ENABLE_MODULES = YES;
				CLANG_ENABLE_OBJC_ARC = YES;
				CLANG_ENABLE_OBJC_WEAK = YES;
				CLANG_WARN_BLOCK_CAPTURE_AUTORELEASING = YES;
				CLANG_WARN_BOOL_CONVERSION = YES;
				CLANG_WARN_COMMA = YES;
				CLANG_WARN_CONSTANT_CONVERSION = YES;
				CLANG_WARN_DEPRECATED_OBJC_IMPLEMENTATIONS = YES;
				CLANG_WARN_DIRECT_OBJC_ISA_USAGE = YES_ERROR;
				CLANG_WARN_DOCUMENTATION_COMMENTS = YES;
				CLANG_WARN_EMPTY_BODY = YES;
				CLANG_WARN_ENUM_CONVERSION = YES;
				CLANG_WARN_INFINITE_RECURSION = YES;
				CLANG_WARN_INT_CONVERSION = YES;
				CLANG_WARN_NON_LITERAL_NULL_CONVERSION = YES;
				CLANG_WARN_OBJC_IMPLICIT_RETAIN_SELF = YES;
				CLANG_WARN_OBJC_LITERAL_CONVERSION = YES;
				CLANG_WARN_OBJC_ROOT_CLASS = YES_ERROR;
				CLANG_WARN_QUOTED_INCLUDE_IN_FRAMEWORK_HEADER = YES;
				CLANG_WARN_RANGE_LOOP_ANALYSIS = YES;
				CLANG_WARN_STRICT_PROTOTYPES = YES;
				CLANG_WARN_SUSPICIOUS_MOVE = YES;
				CLANG_WARN_UNGUARDED_AVAILABILITY = YES_AGGRESSIVE;
				CLANG_WARN_UNREACHABLE_CODE = YES;
				CLANG_WARN__DUPLICATE_METHOD_MATCH = YES;
				COPY_PHASE_STRIP = NO;
				DEBUG_INFORMATION_FORMAT = "dwarf-with-dsym";
				ENABLE_NS_ASSERTIONS = NO;
				ENABLE_STRICT_OBJC_MSGSEND = YES;
				GCC_C_LANGUAGE_STANDARD = gnu11;
				GCC_NO_COMMON_BLOCKS = YES;
				GCC_WARN_64_TO_32_BIT_CONVERSION = YES;
				GCC_WARN_ABOUT_RETURN_TYPE = YES_ERROR;
				GCC_WARN_UNDECLARED_SELECTOR = YES;
				GCC_WARN_UNINITIALIZED_AUTOS = YES_AGGRESSIVE;
				GCC_WARN_UNUSED_FUNCTION = YES;
				GCC_WARN_UNUSED_VARIABLE = YES;
				IPHONEOS_DEPLOYMENT_TARGET = 16.4;
				MTL_ENABLE_DEBUG_INFO = NO;
				MTL_FAST_MATH = YES;
				SDKROOT = iphoneos;
				SWIFT_COMPILATION_MODE = wholemodule;
				SWIFT_OPTIMIZATION_LEVEL = "-O";
				VALIDATE_PRODUCT = YES;
			};
			name = Release;
		};
		6AC14AAB2AB0C6BF00E38074 /* Debug */ = {
			isa = XCBuildConfiguration;
			buildSettings = {
				ASSETCATALOG_COMPILER_APPICON_NAME = AppIcon;
				ASSETCATALOG_COMPILER_GLOBAL_ACCENT_COLOR_NAME = AccentColor;
				CODE_SIGN_STYLE = Automatic;
				CURRENT_PROJECT_VERSION = 1;
				DEVELOPMENT_ASSET_PATHS = "\"ExpenseTracker/Preview Content\"";
				DEVELOPMENT_TEAM = RSUPW75C3B;
				ENABLE_PREVIEWS = YES;
				GENERATE_INFOPLIST_FILE = YES;
				INFOPLIST_FILE = ExpenseTracker/Info.plist;
				INFOPLIST_KEY_UIApplicationSceneManifest_Generation = YES;
				INFOPLIST_KEY_UIApplicationSupportsIndirectInputEvents = YES;
				INFOPLIST_KEY_UILaunchScreen_Generation = YES;
				INFOPLIST_KEY_UISupportedInterfaceOrientations_iPad = "UIInterfaceOrientationPortrait UIInterfaceOrientationPortraitUpsideDown UIInterfaceOrientationLandscapeLeft UIInterfaceOrientationLandscapeRight";
				INFOPLIST_KEY_UISupportedInterfaceOrientations_iPhone = "UIInterfaceOrientationPortrait UIInterfaceOrientationLandscapeLeft UIInterfaceOrientationLandscapeRight";
				LD_RUNPATH_SEARCH_PATHS = (
					"$(inherited)",
					"@executable_path/Frameworks",
				);
				MARKETING_VERSION = 1.0;
				PRODUCT_BUNDLE_IDENTIFIER = com.shaheen.ExpenseTracker;
				PRODUCT_NAME = "$(TARGET_NAME)";
				SWIFT_EMIT_LOC_STRINGS = YES;
				SWIFT_VERSION = 5.0;
				TARGETED_DEVICE_FAMILY = "1,2";
			};
			name = Debug;
		};
		6AC14AAC2AB0C6BF00E38074 /* Release */ = {
			isa = XCBuildConfiguration;
			buildSettings = {
				ASSETCATALOG_COMPILER_APPICON_NAME = AppIcon;
				ASSETCATALOG_COMPILER_GLOBAL_ACCENT_COLOR_NAME = AccentColor;
				CODE_SIGN_STYLE = Automatic;
				CURRENT_PROJECT_VERSION = 1;
				DEVELOPMENT_ASSET_PATHS = "\"ExpenseTracker/Preview Content\"";
				DEVELOPMENT_TEAM = RSUPW75C3B;
				ENABLE_PREVIEWS = YES;
				GENERATE_INFOPLIST_FILE = YES;
				INFOPLIST_FILE = ExpenseTracker/Info.plist;
				INFOPLIST_KEY_UIApplicationSceneManifest_Generation = YES;
				INFOPLIST_KEY_UIApplicationSupportsIndirectInputEvents = YES;
				INFOPLIST_KEY_UILaunchScreen_Generation = YES;
				INFOPLIST_KEY_UISupportedInterfaceOrientations_iPad = "UIInterfaceOrientationPortrait UIInterfaceOrientationPortraitUpsideDown UIInterfaceOrientationLandscapeLeft UIInterfaceOrientationLandscapeRight";
				INFOPLIST_KEY_UISupportedInterfaceOrientations_iPhone = "UIInterfaceOrientationPortrait UIInterfaceOrientationLandscapeLeft UIInterfaceOrientationLandscapeRight";
				LD_RUNPATH_SEARCH_PATHS = (
					"$(inherited)",
					"@executable_path/Frameworks",
				);
				MARKETING_VERSION = 1.0;
				PRODUCT_BUNDLE_IDENTIFIER = com.shaheen.ExpenseTracker;
				PRODUCT_NAME = "$(TARGET_NAME)";
				SWIFT_EMIT_LOC_STRINGS = YES;
				SWIFT_VERSION = 5.0;
				TARGETED_DEVICE_FAMILY = "1,2";
			};
			name = Release;
		};
/* End XCBuildConfiguration section */

/* Begin XCConfigurationList section */
		6AC14A972AB0C6BE00E38074 /* Build configuration list for PBXProject "ExpenseTracker" */ = {
			isa = XCConfigurationList;
			buildConfigurations = (
				6AC14AA82AB0C6BF00E38074 /* Debug */,
				6AC14AA92AB0C6BF00E38074 /* Release */,
			);
			defaultConfigurationIsVisible = 0;
			defaultConfigurationName = Release;
		};
		6AC14AAA2AB0C6BF00E38074 /* Build configuration list for PBXNativeTarget "ExpenseTracker" */ = {
			isa = XCConfigurationList;
			buildConfigurations = (
				6AC14AAB2AB0C6BF00E38074 /* Debug */,
				6AC14AAC2AB0C6BF00E38074 /* Release */,
			);
			defaultConfigurationIsVisible = 0;
			defaultConfigurationName = Release;
		};
/* End XCConfigurationList section */

/* Begin XCVersionGroup section */
		6AC14AB02AB0C7AA00E38074 /* ExpensesModel.xcdatamodeld */ = {
			isa = XCVersionGroup;
			children = (
				6AC14AB12AB0C7AA00E38074 /* ExpensesModel.xcdatamodel */,
			);
			currentVersion = 6AC14AB12AB0C7AA00E38074 /* ExpensesModel.xcdatamodel */;
			path = ExpensesModel.xcdatamodeld;
			sourceTree = "<group>";
			versionGroupType = wrapper.xcdatamodel;
		};
/* End XCVersionGroup section */
	};
	rootObject = 6AC14A942AB0C6BE00E38074 /* Project object */;
}
